
Microsoft Visual Studio Solution File, Format Version 12.00
# Visual Studio 2013
VisualStudioVersion = 12.0.40629.0
MinimumVisualStudioVersion = 10.0.40219.1
Project("{FAE04EC0-301F-11D3-BF4B-00C04F79EFBC}") = "TInjector", "TInjector\TInjector.csproj", "{EB2D0709-075D-4B01-BF55-C11C81440D2E}"
EndProject
Project("{FAE04EC0-301F-11D3-BF4B-00C04F79EFBC}") = "TInjector.Tests.Unit", "TInjector.Tests.Unit\TInjector.Tests.Unit.csproj", "{9B0E1395-0F74-40AE-8536-CECC2766B222}"
EndProject
Project("{2150E333-8FDC-42A3-9474-1A3956D46DE8}") = "Tests", "Tests", "{81E530E0-4096-472C-A4CE-7EE8F3A28BAE}"
EndProject
Project("{2150E333-8FDC-42A3-9474-1A3956D46DE8}") = "Examples", "Examples", "{87D25207-FF5B-4FEF-A0EA-42BE9FCAD80C}"
EndProject
Global
	GlobalSection(SolutionConfigurationPlatforms) = preSolution
		Debug|Any CPU = Debug|Any CPU
		Release|Any CPU = Release|Any CPU
	EndGlobalSection
	GlobalSection(ProjectConfigurationPlatforms) = postSolution
		{EB2D0709-075D-4B01-BF55-C11C81440D2E}.Debug|Any CPU.ActiveCfg = Debug|Any CPU
		{EB2D0709-075D-4B01-BF55-C11C81440D2E}.Debug|Any CPU.Build.0 = Debug|Any CPU
		{EB2D0709-075D-4B01-BF55-C11C81440D2E}.Release|Any CPU.ActiveCfg = Release|Any CPU
		{EB2D0709-075D-4B01-BF55-C11C81440D2E}.Release|Any CPU.Build.0 = Release|Any CPU
		{9B0E1395-0F74-40AE-8536-CECC2766B222}.Debug|Any CPU.ActiveCfg = Debug|Any CPU
		{9B0E1395-0F74-40AE-8536-CECC2766B222}.Debug|Any CPU.Build.0 = Debug|Any CPU
		{9B0E1395-0F74-40AE-8536-CECC2766B222}.Release|Any CPU.ActiveCfg = Release|Any CPU
		{9B0E1395-0F74-40AE-8536-CECC2766B222}.Release|Any CPU.Build.0 = Release|Any CPU
	EndGlobalSection
	GlobalSection(SolutionProperties) = preSolution
		HideSolutionNode = FALSE
	EndGlobalSection
	GlobalSection(NestedProjects) = preSolution
		{9B0E1395-0F74-40AE-8536-CECC2766B222} = {81E530E0-4096-472C-A4CE-7EE8F3A28BAE}
	EndGlobalSection
EndGlobal
